
Microsoft Visual Studio Solution File, Format Version 12.00
# Visual Studio Version 17
VisualStudioVersion = 17.9.34723.18
MinimumVisualStudioVersion = 10.0.40219.1
Project("{FAE04EC0-301F-11D3-BF4B-00C04F79EFBC}") = "GraphAPI", "GraphAPI\GraphAPI.csproj", "{4FB4C628-5DA4-4A05-BBF1-852DBE3888D9}"
EndProject
Global
	GlobalSection(SolutionConfigurationPlatforms) = preSolution
		Debug|Any CPU = Debug|Any CPU
		Release|Any CPU = Release|Any CPU
	EndGlobalSection
	GlobalSection(ProjectConfigurationPlatforms) = postSolution
		{4FB4C628-5DA4-4A05-BBF1-852DBE3888D9}.Debug|Any CPU.ActiveCfg = Debug|Any CPU
		{4FB4C628-5DA4-4A05-BBF1-852DBE3888D9}.Debug|Any CPU.Build.0 = Debug|Any CPU
		{4FB4C628-5DA4-4A05-BBF1-852DBE3888D9}.Release|Any CPU.ActiveCfg = Release|Any CPU
		{4FB4C628-5DA4-4A05-BBF1-852DBE3888D9}.Release|Any CPU.Build.0 = Release|Any CPU
	EndGlobalSection
	GlobalSection(SolutionProperties) = preSolution
		HideSolutionNode = FALSE
	EndGlobalSection
	GlobalSection(ExtensibilityGlobals) = postSolution
		SolutionGuid = {A869AE5A-FA9A-4F33-991B-3423CA2E243E}
	EndGlobalSection
EndGlobal
